{
  "name": "2021",
  "version": "1.0.0",
  "lockfileVersion": 2,
  "requires": true,
  "packages": {
    "": {
      "name": "2021",
      "version": "1.0.0",
      "license": "ISC",
      "dependencies": {
        "n-readlines": "^1.0.1"
      },
      "devDependencies": {
        "@types/n-readlines": "^1.0.3",
        "@types/node": "^18.11.9"
      }
    },
    "node_modules/@types/n-readlines": {
      "version": "1.0.3",
      "resolved": "https://registry.npmjs.org/@types/n-readlines/-/n-readlines-1.0.3.tgz",
      "integrity": "sha512-6zMvlOZp56sEEndnkEX+A05Q+LrPB7yDUX1d5oE0aOF9rIE10ndhZHEy0mBFqzBUIw5sSFMUypwgD3FehplPvg==",
      "dev": true,
      "dependencies": {
        "@types/node": "*"
      }
    },
    "node_modules/@types/node": {
      "version": "18.11.9",
      "resolved": "https://registry.npmjs.org/@types/node/-/node-18.11.9.tgz",
      "integrity": "sha512-CRpX21/kGdzjOpFsZSkcrXMGIBWMGNIHXXBVFSH+ggkftxg+XYP20TESbh+zFvFj3EQOl5byk0HTRn1IL6hbqg==",
      "dev": true
    },
    "node_modules/n-readlines": {
      "version": "1.0.1",
      "resolved": "https://registry.npmjs.org/n-readlines/-/n-readlines-1.0.1.tgz",
      "integrity": "sha512-z4SyAIVgMy7CkgsoNw7YVz40v0g4+WWvvqy8+ZdHrCtgevcEO758WQyrYcw3XPxcLxF+//RszTz/rO48nzD0wQ==",
      "engines": {
        "node": ">=6.x.x"
      }
    }
  },
  "dependencies": {
    "@types/n-readlines": {
      "version": "1.0.3",
      "resolved": "https://registry.npmjs.org/@types/n-readlines/-/n-readlines-1.0.3.tgz",
      "integrity": "sha512-6zMvlOZp56sEEndnkEX+A05Q+LrPB7yDUX1d5oE0aOF9rIE10ndhZHEy0mBFqzBUIw5sSFMUypwgD3FehplPvg==",
      "dev": true,
      "requires": {
        "@types/node": "*"
      }
    },
    "@types/node": {
      "version": "18.11.9",
      "resolved": "https://registry.npmjs.org/@types/node/-/node-18.11.9.tgz",
      "integrity": "sha512-CRpX21/kGdzjOpFsZSkcrXMGIBWMGNIHXXBVFSH+ggkftxg+XYP20TESbh+zFvFj3EQOl5byk0HTRn1IL6hbqg==",
      "dev": true
    },
    "n-readlines": {
      "version": "1.0.1",
      "resolved": "https://registry.npmjs.org/n-readlines/-/n-readlines-1.0.1.tgz",
      "integrity": "sha512-z4SyAIVgMy7CkgsoNw7YVz40v0g4+WWvvqy8+ZdHrCtgevcEO758WQyrYcw3XPxcLxF+//RszTz/rO48nzD0wQ=="
    }
  }
}
